
Microsoft Visual Studio Solution File, Format Version 12.00
# Visual Studio Version 17
VisualStudioVersion = 17.11.35312.102
MinimumVisualStudioVersion = 10.0.40219.1
Project("{9A19103F-16F7-4668-BE54-9A1E7A4F7556}") = "DCI.Social.UI", "DCI.Social.UI\DCI.Social.UI.csproj", "{C7E23F5A-A805-4544-9FFC-3FEE3151C497}"
EndProject
Project("{9A19103F-16F7-4668-BE54-9A1E7A4F7556}") = "DCI.Social.Identity", "DCI.Social.Identity\DCI.Social.Identity.csproj", "{0388C19A-B45A-4770-A16E-542D7A6BEA2A}"
EndProject
Project("{FAE04EC0-301F-11D3-BF4B-00C04F79EFBC}") = "DCI.Social.Client", "DCI.Social.Client\DCI.Social.Client.csproj", "{4B72B0CD-6ECF-4078-803A-D0E780DF7490}"
EndProject
Project("{FAE04EC0-301F-11D3-BF4B-00C04F79EFBC}") = "DCI.Social.FOB", "DCI.Social.FOB\DCI.Social.FOB.csproj", "{6A83788A-BBE9-4666-B781-F0649C836D11}"
EndProject
Project("{FAE04EC0-301F-11D3-BF4B-00C04F79EFBC}") = "DCI.Social.Messages", "DCI.Social.Messages\DCI.Social.Messages.csproj", "{F6B8452B-0567-4C94-831F-A20EEE2681CD}"
EndProject
Project("{FAE04EC0-301F-11D3-BF4B-00C04F79EFBC}") = "DCI.Social.Application", "DCI.Social.Application\DCI.Social.Application.csproj", "{650721D3-FEC1-4DCC-B81D-D77D95FA53B4}"
EndProject
Project("{FAE04EC0-301F-11D3-BF4B-00C04F79EFBC}") = "DCI.Social.Domain", "DCI.Social.Domain\DCI.Social.Domain.csproj", "{9625360D-1F60-45DA-8C5F-EE44092D07BA}"
EndProject
Project("{FAE04EC0-301F-11D3-BF4B-00C04F79EFBC}") = "DCI.Social.Fortification", "DCI.Social.Fortification\DCI.Social.Fortification.csproj", "{97BE2F0E-C3A6-43DC-8E47-D67BA3EF392B}"
EndProject
Project("{FAE04EC0-301F-11D3-BF4B-00C04F79EFBC}") = "DCI.Social.Spelunking", "DCI.Social.Spelunking\DCI.Social.Spelunking.csproj", "{272B22F9-5A83-4B58-88E0-9BC285F83AB3}"
EndProject
Project("{FAE04EC0-301F-11D3-BF4B-00C04F79EFBC}") = "DCI.Social.HeadQuarters", "DCI.Social.HeadQuarters\DCI.Social.HeadQuarters.csproj", "{2DBC84B8-C78F-4F9F-AF36-32D7838885E4}"
EndProject
Global
	GlobalSection(SolutionConfigurationPlatforms) = preSolution
		Debug|Any CPU = Debug|Any CPU
		Release|Any CPU = Release|Any CPU
	EndGlobalSection
	GlobalSection(ProjectConfigurationPlatforms) = postSolution
		{C7E23F5A-A805-4544-9FFC-3FEE3151C497}.Debug|Any CPU.ActiveCfg = Debug|Any CPU
		{C7E23F5A-A805-4544-9FFC-3FEE3151C497}.Debug|Any CPU.Build.0 = Debug|Any CPU
		{C7E23F5A-A805-4544-9FFC-3FEE3151C497}.Release|Any CPU.ActiveCfg = Release|Any CPU
		{C7E23F5A-A805-4544-9FFC-3FEE3151C497}.Release|Any CPU.Build.0 = Release|Any CPU
		{0388C19A-B45A-4770-A16E-542D7A6BEA2A}.Debug|Any CPU.ActiveCfg = Debug|Any CPU
		{0388C19A-B45A-4770-A16E-542D7A6BEA2A}.Debug|Any CPU.Build.0 = Debug|Any CPU
		{0388C19A-B45A-4770-A16E-542D7A6BEA2A}.Release|Any CPU.ActiveCfg = Release|Any CPU
		{0388C19A-B45A-4770-A16E-542D7A6BEA2A}.Release|Any CPU.Build.0 = Release|Any CPU
		{4B72B0CD-6ECF-4078-803A-D0E780DF7490}.Debug|Any CPU.ActiveCfg = Debug|Any CPU
		{4B72B0CD-6ECF-4078-803A-D0E780DF7490}.Debug|Any CPU.Build.0 = Debug|Any CPU
		{4B72B0CD-6ECF-4078-803A-D0E780DF7490}.Release|Any CPU.ActiveCfg = Release|Any CPU
		{4B72B0CD-6ECF-4078-803A-D0E780DF7490}.Release|Any CPU.Build.0 = Release|Any CPU
		{6A83788A-BBE9-4666-B781-F0649C836D11}.Debug|Any CPU.ActiveCfg = Debug|Any CPU
		{6A83788A-BBE9-4666-B781-F0649C836D11}.Debug|Any CPU.Build.0 = Debug|Any CPU
		{6A83788A-BBE9-4666-B781-F0649C836D11}.Release|Any CPU.ActiveCfg = Release|Any CPU
		{6A83788A-BBE9-4666-B781-F0649C836D11}.Release|Any CPU.Build.0 = Release|Any CPU
		{F6B8452B-0567-4C94-831F-A20EEE2681CD}.Debug|Any CPU.ActiveCfg = Debug|Any CPU
		{F6B8452B-0567-4C94-831F-A20EEE2681CD}.Debug|Any CPU.Build.0 = Debug|Any CPU
		{F6B8452B-0567-4C94-831F-A20EEE2681CD}.Release|Any CPU.ActiveCfg = Release|Any CPU
		{F6B8452B-0567-4C94-831F-A20EEE2681CD}.Release|Any CPU.Build.0 = Release|Any CPU
		{650721D3-FEC1-4DCC-B81D-D77D95FA53B4}.Debug|Any CPU.ActiveCfg = Debug|Any CPU
		{650721D3-FEC1-4DCC-B81D-D77D95FA53B4}.Debug|Any CPU.Build.0 = Debug|Any CPU
		{650721D3-FEC1-4DCC-B81D-D77D95FA53B4}.Release|Any CPU.ActiveCfg = Release|Any CPU
		{650721D3-FEC1-4DCC-B81D-D77D95FA53B4}.Release|Any CPU.Build.0 = Release|Any CPU
		{9625360D-1F60-45DA-8C5F-EE44092D07BA}.Debug|Any CPU.ActiveCfg = Debug|Any CPU
		{9625360D-1F60-45DA-8C5F-EE44092D07BA}.Debug|Any CPU.Build.0 = Debug|Any CPU
		{9625360D-1F60-45DA-8C5F-EE44092D07BA}.Release|Any CPU.ActiveCfg = Release|Any CPU
		{9625360D-1F60-45DA-8C5F-EE44092D07BA}.Release|Any CPU.Build.0 = Release|Any CPU
		{97BE2F0E-C3A6-43DC-8E47-D67BA3EF392B}.Debug|Any CPU.ActiveCfg = Debug|Any CPU
		{97BE2F0E-C3A6-43DC-8E47-D67BA3EF392B}.Debug|Any CPU.Build.0 = Debug|Any CPU
		{97BE2F0E-C3A6-43DC-8E47-D67BA3EF392B}.Release|Any CPU.ActiveCfg = Release|Any CPU
		{97BE2F0E-C3A6-43DC-8E47-D67BA3EF392B}.Release|Any CPU.Build.0 = Release|Any CPU
		{272B22F9-5A83-4B58-88E0-9BC285F83AB3}.Debug|Any CPU.ActiveCfg = Debug|Any CPU
		{272B22F9-5A83-4B58-88E0-9BC285F83AB3}.Debug|Any CPU.Build.0 = Debug|Any CPU
		{272B22F9-5A83-4B58-88E0-9BC285F83AB3}.Release|Any CPU.ActiveCfg = Release|Any CPU
		{272B22F9-5A83-4B58-88E0-9BC285F83AB3}.Release|Any CPU.Build.0 = Release|Any CPU
		{2DBC84B8-C78F-4F9F-AF36-32D7838885E4}.Debug|Any CPU.ActiveCfg = Debug|Any CPU
		{2DBC84B8-C78F-4F9F-AF36-32D7838885E4}.Debug|Any CPU.Build.0 = Debug|Any CPU
		{2DBC84B8-C78F-4F9F-AF36-32D7838885E4}.Release|Any CPU.ActiveCfg = Release|Any CPU
		{2DBC84B8-C78F-4F9F-AF36-32D7838885E4}.Release|Any CPU.Build.0 = Release|Any CPU
	EndGlobalSection
	GlobalSection(SolutionProperties) = preSolution
		HideSolutionNode = FALSE
	EndGlobalSection
	GlobalSection(ExtensibilityGlobals) = postSolution
		SolutionGuid = {D834D4A8-F8CF-457C-85B8-53677F74D27C}
	EndGlobalSection
EndGlobal
