
Microsoft Visual Studio Solution File, Format Version 12.00
# Visual Studio Version 17
VisualStudioVersion = 17.11.35312.102
MinimumVisualStudioVersion = 10.0.40219.1
Project("{9A19103F-16F7-4668-BE54-9A1E7A4F7556}") = "DCI.Social.UI", "DCI.Social.UI\DCI.Social.UI.csproj", "{C7E23F5A-A805-4544-9FFC-3FEE3151C497}"
EndProject
Project("{9A19103F-16F7-4668-BE54-9A1E7A4F7556}") = "DCI.Social.Identity", "DCI.Social.Identity\DCI.Social.Identity.csproj", "{0388C19A-B45A-4770-A16E-542D7A6BEA2A}"
EndProject
Project("{2150E333-8FDC-42A3-9474-1A3956D46DE8}") = "Deployment", "Deployment", "{0B590E6B-F1DB-4F10-A9D4-6985A6CB531B}"
	ProjectSection(SolutionItems) = preProject
		bamboo-specs\bamboo.yaml = bamboo-specs\bamboo.yaml
		Build\BuildDockerImage.ps1 = Build\BuildDockerImage.ps1
		config\test\values.yaml = config\test\values.yaml
		config\medio\values.yaml = config\medio\values.yaml
		config\production\values.yaml = config\production\values.yaml
	EndProjectSection
EndProject
Global
	GlobalSection(SolutionConfigurationPlatforms) = preSolution
		Debug|Any CPU = Debug|Any CPU
		Release|Any CPU = Release|Any CPU
	EndGlobalSection
	GlobalSection(ProjectConfigurationPlatforms) = postSolution
		{C7E23F5A-A805-4544-9FFC-3FEE3151C497}.Debug|Any CPU.ActiveCfg = Debug|Any CPU
		{C7E23F5A-A805-4544-9FFC-3FEE3151C497}.Debug|Any CPU.Build.0 = Debug|Any CPU
		{C7E23F5A-A805-4544-9FFC-3FEE3151C497}.Release|Any CPU.ActiveCfg = Release|Any CPU
		{C7E23F5A-A805-4544-9FFC-3FEE3151C497}.Release|Any CPU.Build.0 = Release|Any CPU
		{0388C19A-B45A-4770-A16E-542D7A6BEA2A}.Debug|Any CPU.ActiveCfg = Debug|Any CPU
		{0388C19A-B45A-4770-A16E-542D7A6BEA2A}.Debug|Any CPU.Build.0 = Debug|Any CPU
		{0388C19A-B45A-4770-A16E-542D7A6BEA2A}.Release|Any CPU.ActiveCfg = Release|Any CPU
		{0388C19A-B45A-4770-A16E-542D7A6BEA2A}.Release|Any CPU.Build.0 = Release|Any CPU
	EndGlobalSection
	GlobalSection(SolutionProperties) = preSolution
		HideSolutionNode = FALSE
	EndGlobalSection
	GlobalSection(ExtensibilityGlobals) = postSolution
		SolutionGuid = {D834D4A8-F8CF-457C-85B8-53677F74D27C}
	EndGlobalSection
EndGlobal
